// !$*UTF8*$!
{
	archiveVersion = 1;
	classes = {
	};
	objectVersion = 50;
	objects = {

/* Begin PBXBuildFile section */
		098D992A7A297CB54457093B /* Pods_DynamicCellCollectionViewExample.framework in Frameworks */ = {isa = PBXBuildFile; fileRef = 98D66B926F1D8A2D42AF4D7F /* Pods_DynamicCellCollectionViewExample.framework */; };
		BA36559D26494FBF003247E4 /* AppDelegate.swift in Sources */ = {isa = PBXBuildFile; fileRef = BA36559C26494FBF003247E4 /* AppDelegate.swift */; };
		BA3655A126494FBF003247E4 /* ViewController.swift in Sources */ = {isa = PBXBuildFile; fileRef = BA3655A026494FBF003247E4 /* ViewController.swift */; };
		BA3655A626494FC1003247E4 /* Assets.xcassets in Resources */ = {isa = PBXBuildFile; fileRef = BA3655A526494FC1003247E4 /* Assets.xcassets */; };
		BA3655A926494FC1003247E4 /* LaunchScreen.storyboard in Resources */ = {isa = PBXBuildFile; fileRef = BA3655A726494FC1003247E4 /* LaunchScreen.storyboard */; };
		BA3655B126495139003247E4 /* DynamicCell.swift in Sources */ = {isa = PBXBuildFile; fileRef = BA3655B026495139003247E4 /* DynamicCell.swift */; };
/* End PBXBuildFile section */

/* Begin PBXFileReference section */
		91CEF860E3A9B9F07DF71214 /* Pods-DynamicCellCollectionViewExample.debug.xcconfig */ = {isa = PBXFileReference; includeInIndex = 1; lastKnownFileType = text.xcconfig; name = "Pods-DynamicCellCollectionViewExample.debug.xcconfig"; path = "Target Support Files/Pods-DynamicCellCollectionViewExample/Pods-DynamicCellCollectionViewExample.debug.xcconfig"; sourceTree = "<group>"; };
		98D66B926F1D8A2D42AF4D7F /* Pods_DynamicCellCollectionViewExample.framework */ = {isa = PBXFileReference; explicitFileType = wrapper.framework; includeInIndex = 0; path = Pods_DynamicCellCollectionViewExample.framework; sourceTree = BUILT_PRODUCTS_DIR; };
		BA36559926494FBF003247E4 /* DynamicCellCollectionViewExample.app */ = {isa = PBXFileReference; explicitFileType = wrapper.application; includeInIndex = 0; path = DynamicCellCollectionViewExample.app; sourceTree = BUILT_PRODUCTS_DIR; };
		BA36559C26494FBF003247E4 /* AppDelegate.swift */ = {isa = PBXFileReference; lastKnownFileType = sourcecode.swift; path = AppDelegate.swift; sourceTree = "<group>"; };
		BA3655A026494FBF003247E4 /* ViewController.swift */ = {isa = PBXFileReference; lastKnownFileType = sourcecode.swift; path = ViewController.swift; sourceTree = "<group>"; };
		BA3655A526494FC1003247E4 /* Assets.xcassets */ = {isa = PBXFileReference; lastKnownFileType = folder.assetcatalog; path = Assets.xcassets; sourceTree = "<group>"; };
		BA3655A826494FC1003247E4 /* Base */ = {isa = PBXFileReference; lastKnownFileType = file.storyboard; name = Base; path = Base.lproj/LaunchScreen.storyboard; sourceTree = "<group>"; };
		BA3655AA26494FC1003247E4 /* Info.plist */ = {isa = PBXFileReference; lastKnownFileType = text.plist.xml; path = Info.plist; sourceTree = "<group>"; };
		BA3655B026495139003247E4 /* DynamicCell.swift */ = {isa = PBXFileReference; lastKnownFileType = sourcecode.swift; path = DynamicCell.swift; sourceTree = "<group>"; };
		ED58FBA93C2900655898749B /* Pods-DynamicCellCollectionViewExample.release.xcconfig */ = {isa = PBXFileReference; includeInIndex = 1; lastKnownFileType = text.xcconfig; name = "Pods-DynamicCellCollectionViewExample.release.xcconfig"; path = "Target Support Files/Pods-DynamicCellCollectionViewExample/Pods-DynamicCellCollectionViewExample.release.xcconfig"; sourceTree = "<group>"; };
/* End PBXFileReference section */

/* Begin PBXFrameworksBuildPhase section */
		BA36559626494FBF003247E4 /* Frameworks */ = {
			isa = PBXFrameworksBuildPhase;
			buildActionMask = 2147483647;
			files = (
				098D992A7A297CB54457093B /* Pods_DynamicCellCollectionViewExample.framework in Frameworks */,
			);
			runOnlyForDeploymentPostprocessing = 0;
		};
/* End PBXFrameworksBuildPhase section */

/* Begin PBXGroup section */
		344A6AC3444E97CE88564098 /* Frameworks */ = {
			isa = PBXGroup;
			children = (
				98D66B926F1D8A2D42AF4D7F /* Pods_DynamicCellCollectionViewExample.framework */,
			);
			name = Frameworks;
			sourceTree = "<group>";
		};
		BA36559026494FBF003247E4 = {
			isa = PBXGroup;
			children = (
				BA36559B26494FBF003247E4 /* DynamicCellCollectionViewExample */,
				BA36559A26494FBF003247E4 /* Products */,
				EF2555AA819C4378482D5410 /* Pods */,
				344A6AC3444E97CE88564098 /* Frameworks */,
			);
			sourceTree = "<group>";
		};
		BA36559A26494FBF003247E4 /* Products */ = {
			isa = PBXGroup;
			children = (
				BA36559926494FBF003247E4 /* DynamicCellCollectionViewExample.app */,
			);
			name = Products;
			sourceTree = "<group>";
		};
		BA36559B26494FBF003247E4 /* DynamicCellCollectionViewExample */ = {
			isa = PBXGroup;
			children = (
				BA36559C26494FBF003247E4 /* AppDelegate.swift */,
				BA3655A026494FBF003247E4 /* ViewController.swift */,
				BA3655A526494FC1003247E4 /* Assets.xcassets */,
				BA3655A726494FC1003247E4 /* LaunchScreen.storyboard */,
				BA3655AA26494FC1003247E4 /* Info.plist */,
				BA3655B026495139003247E4 /* DynamicCell.swift */,
			);
			path = DynamicCellCollectionViewExample;
			sourceTree = "<group>";
		};
		EF2555AA819C4378482D5410 /* Pods */ = {
			isa = PBXGroup;
			children = (
				91CEF860E3A9B9F07DF71214 /* Pods-DynamicCellCollectionViewExample.debug.xcconfig */,
				ED58FBA93C2900655898749B /* Pods-DynamicCellCollectionViewExample.release.xcconfig */,
			);
			name = Pods;
			path = Pods;
			sourceTree = "<group>";
		};
/* End PBXGroup section */

/* Begin PBXNativeTarget section */
		BA36559826494FBF003247E4 /* DynamicCellCollectionViewExample */ = {
			isa = PBXNativeTarget;
			buildConfigurationList = BA3655AD26494FC1003247E4 /* Build configuration list for PBXNativeTarget "DynamicCellCollectionViewExample" */;
			buildPhases = (
				58561DE7DE134909106376A9 /* [CP] Check Pods Manifest.lock */,
				BA36559526494FBF003247E4 /* Sources */,
				BA36559626494FBF003247E4 /* Frameworks */,
				BA36559726494FBF003247E4 /* Resources */,
				EEFDA1E9B6469737F749503E /* [CP] Embed Pods Frameworks */,
			);
			buildRules = (
			);
			dependencies = (
			);
			name = DynamicCellCollectionViewExample;
			productName = DynamicCellCollectionViewExample;
			productReference = BA36559926494FBF003247E4 /* DynamicCellCollectionViewExample.app */;
			productType = "com.apple.product-type.application";
		};
/* End PBXNativeTarget section */

/* Begin PBXProject section */
		BA36559126494FBF003247E4 /* Project object */ = {
			isa = PBXProject;
			attributes = {
				LastSwiftUpdateCheck = 1250;
				LastUpgradeCheck = 1250;
				TargetAttributes = {
					BA36559826494FBF003247E4 = {
						CreatedOnToolsVersion = 12.5;
					};
				};
			};
			buildConfigurationList = BA36559426494FBF003247E4 /* Build configuration list for PBXProject "DynamicCellCollectionViewExample" */;
			compatibilityVersion = "Xcode 9.3";
			developmentRegion = en;
			hasScannedForEncodings = 0;
			knownRegions = (
				en,
				Base,
			);
			mainGroup = BA36559026494FBF003247E4;
			productRefGroup = BA36559A26494FBF003247E4 /* Products */;
			projectDirPath = "";
			projectRoot = "";
			targets = (
				BA36559826494FBF003247E4 /* DynamicCellCollectionViewExample */,
			);
		};
/* End PBXProject section */

/* Begin PBXResourcesBuildPhase section */
		BA36559726494FBF003247E4 /* Resources */ = {
			isa = PBXResourcesBuildPhase;
			buildActionMask = 2147483647;
			files = (
				BA3655A926494FC1003247E4 /* LaunchScreen.storyboard in Resources */,
				BA3655A626494FC1003247E4 /* Assets.xcassets in Resources */,
			);
			runOnlyForDeploymentPostprocessing = 0;
		};
/* End PBXResourcesBuildPhase section */

/* Begin PBXShellScriptBuildPhase section */
		58561DE7DE134909106376A9 /* [CP] Check Pods Manifest.lock */ = {
			isa = PBXShellScriptBuildPhase;
			buildActionMask = 2147483647;
			files = (
			);
			inputFileListPaths = (
			);
			inputPaths = (
				"${PODS_PODFILE_DIR_PATH}/Podfile.lock",
				"${PODS_ROOT}/Manifest.lock",
			);
			name = "[CP] Check Pods Manifest.lock";
			outputFileListPaths = (
			);
			outputPaths = (
				"$(DERIVED_FILE_DIR)/Pods-DynamicCellCollectionViewExample-checkManifestLockResult.txt",
			);
			runOnlyForDeploymentPostprocessing = 0;
			shellPath = /bin/sh;
			shellScript = "diff \"${PODS_PODFILE_DIR_PATH}/Podfile.lock\" \"${PODS_ROOT}/Manifest.lock\" > /dev/null\nif [ $? != 0 ] ; then\n    # print error to STDERR\n    echo \"error: The sandbox is not in sync with the Podfile.lock. Run 'pod install' or update your CocoaPods installation.\" >&2\n    exit 1\nfi\n# This output is used by Xcode 'outputs' to avoid re-running this script phase.\necho \"SUCCESS\" > \"${SCRIPT_OUTPUT_FILE_0}\"\n";
			showEnvVarsInLog = 0;
		};
		EEFDA1E9B6469737F749503E /* [CP] Embed Pods Frameworks */ = {
			isa = PBXShellScriptBuildPhase;
			buildActionMask = 2147483647;
			files = (
			);
			inputFileListPaths = (
				"${PODS_ROOT}/Target Support Files/Pods-DynamicCellCollectionViewExample/Pods-DynamicCellCollectionViewExample-frameworks-${CONFIGURATION}-input-files.xcfilelist",
			);
			name = "[CP] Embed Pods Frameworks";
			outputFileListPaths = (
				"${PODS_ROOT}/Target Support Files/Pods-DynamicCellCollectionViewExample/Pods-DynamicCellCollectionViewExample-frameworks-${CONFIGURATION}-output-files.xcfilelist",
			);
			runOnlyForDeploymentPostprocessing = 0;
			shellPath = /bin/sh;
			shellScript = "\"${PODS_ROOT}/Target Support Files/Pods-DynamicCellCollectionViewExample/Pods-DynamicCellCollectionViewExample-frameworks.sh\"\n";
			showEnvVarsInLog = 0;
		};
/* End PBXShellScriptBuildPhase section */

/* Begin PBXSourcesBuildPhase section */
		BA36559526494FBF003247E4 /* Sources */ = {
			isa = PBXSourcesBuildPhase;
			buildActionMask = 2147483647;
			files = (
				BA3655A126494FBF003247E4 /* ViewController.swift in Sources */,
				BA3655B126495139003247E4 /* DynamicCell.swift in Sources */,
				BA36559D26494FBF003247E4 /* AppDelegate.swift in Sources */,
			);
			runOnlyForDeploymentPostprocessing = 0;
		};
/* End PBXSourcesBuildPhase section */

/* Begin PBXVariantGroup section */
		BA3655A726494FC1003247E4 /* LaunchScreen.storyboard */ = {
			isa = PBXVariantGroup;
			children = (
				BA3655A826494FC1003247E4 /* Base */,
			);
			name = LaunchScreen.storyboard;
			sourceTree = "<group>";
		};
/* End PBXVariantGroup section */

/* Begin XCBuildConfiguration section */
		BA3655AB26494FC1003247E4 /* Debug */ = {
			isa = XCBuildConfiguration;
			buildSettings = {
				ALWAYS_SEARCH_USER_PATHS = NO;
				CLANG_ANALYZER_NONNULL = YES;
				CLANG_ANALYZER_NUMBER_OBJECT_CONVERSION = YES_AGGRESSIVE;
				CLANG_CXX_LANGUAGE_STANDARD = "gnu++14";
				CLANG_CXX_LIBRARY = "libc++";
				CLANG_ENABLE_MODULES = YES;
				CLANG_ENABLE_OBJC_ARC = YES;
				CLANG_ENABLE_OBJC_WEAK = YES;
				CLANG_WARN_BLOCK_CAPTURE_AUTORELEASING = YES;
				CLANG_WARN_BOOL_CONVERSION = YES;
				CLANG_WARN_COMMA = YES;
				CLANG_WARN_CONSTANT_CONVERSION = YES;
				CLANG_WARN_DEPRECATED_OBJC_IMPLEMENTATIONS = YES;
				CLANG_WARN_DIRECT_OBJC_ISA_USAGE = YES_ERROR;
				CLANG_WARN_DOCUMENTATION_COMMENTS = YES;
				CLANG_WARN_EMPTY_BODY = YES;
				CLANG_WARN_ENUM_CONVERSION = YES;
				CLANG_WARN_INFINITE_RECURSION = YES;
				CLANG_WARN_INT_CONVERSION = YES;
				CLANG_WARN_NON_LITERAL_NULL_CONVERSION = YES;
				CLANG_WARN_OBJC_IMPLICIT_RETAIN_SELF = YES;
				CLANG_WARN_OBJC_LITERAL_CONVERSION = YES;
				CLANG_WARN_OBJC_ROOT_CLASS = YES_ERROR;
				CLANG_WARN_QUOTED_INCLUDE_IN_FRAMEWORK_HEADER = YES;
				CLANG_WARN_RANGE_LOOP_ANALYSIS = YES;
				CLANG_WARN_STRICT_PROTOTYPES = YES;
				CLANG_WARN_SUSPICIOUS_MOVE = YES;
				CLANG_WARN_UNGUARDED_AVAILABILITY = YES_AGGRESSIVE;
				CLANG_WARN_UNREACHABLE_CODE = YES;
				CLANG_WARN__DUPLICATE_METHOD_MATCH = YES;
				COPY_PHASE_STRIP = NO;
				DEBUG_INFORMATION_FORMAT = dwarf;
				ENABLE_STRICT_OBJC_MSGSEND = YES;
				ENABLE_TESTABILITY = YES;
				GCC_C_LANGUAGE_STANDARD = gnu11;
				GCC_DYNAMIC_NO_PIC = NO;
				GCC_NO_COMMON_BLOCKS = YES;
				GCC_OPTIMIZATION_LEVEL = 0;
				GCC_PREPROCESSOR_DEFINITIONS = (
					"DEBUG=1",
					"$(inherited)",
				);
				GCC_WARN_64_TO_32_BIT_CONVERSION = YES;
				GCC_WARN_ABOUT_RETURN_TYPE = YES_ERROR;
				GCC_WARN_UNDECLARED_SELECTOR = YES;
				GCC_WARN_UNINITIALIZED_AUTOS = YES_AGGRESSIVE;
				GCC_WARN_UNUSED_FUNCTION = YES;
				GCC_WARN_UNUSED_VARIABLE = YES;
				IPHONEOS_DEPLOYMENT_TARGET = 14.5;
				MTL_ENABLE_DEBUG_INFO = INCLUDE_SOURCE;
				MTL_FAST_MATH = YES;
				ONLY_ACTIVE_ARCH = YES;
				SDKROOT = iphoneos;
				SWIFT_ACTIVE_COMPILATION_CONDITIONS = DEBUG;
				SWIFT_OPTIMIZATION_LEVEL = "-Onone";
			};
			name = Debug;
		};
		BA3655AC26494FC1003247E4 /* Release */ = {
			isa = XCBuildConfiguration;
			buildSettings = {
				ALWAYS_SEARCH_USER_PATHS = NO;
				CLANG_ANALYZER_NONNULL = YES;
				CLANG_ANALYZER_NUMBER_OBJECT_CONVERSION = YES_AGGRESSIVE;
				CLANG_CXX_LANGUAGE_STANDARD = "gnu++14";
				CLANG_CXX_LIBRARY = "libc++";
				CLANG_ENABLE_MODULES = YES;
				CLANG_ENABLE_OBJC_ARC = YES;
				CLANG_ENABLE_OBJC_WEAK = YES;
				CLANG_WARN_BLOCK_CAPTURE_AUTORELEASING = YES;
				CLANG_WARN_BOOL_CONVERSION = YES;
				CLANG_WARN_COMMA = YES;
				CLANG_WARN_CONSTANT_CONVERSION = YES;
				CLANG_WARN_DEPRECATED_OBJC_IMPLEMENTATIONS = YES;
				CLANG_WARN_DIRECT_OBJC_ISA_USAGE = YES_ERROR;
				CLANG_WARN_DOCUMENTATION_COMMENTS = YES;
				CLANG_WARN_EMPTY_BODY = YES;
				CLANG_WARN_ENUM_CONVERSION = YES;
				CLANG_WARN_INFINITE_RECURSION = YES;
				CLANG_WARN_INT_CONVERSION = YES;
				CLANG_WARN_NON_LITERAL_NULL_CONVERSION = YES;
				CLANG_WARN_OBJC_IMPLICIT_RETAIN_SELF = YES;
				CLANG_WARN_OBJC_LITERAL_CONVERSION = YES;
				CLANG_WARN_OBJC_ROOT_CLASS = YES_ERROR;
				CLANG_WARN_QUOTED_INCLUDE_IN_FRAMEWORK_HEADER = YES;
				CLANG_WARN_RANGE_LOOP_ANALYSIS = YES;
				CLANG_WARN_STRICT_PROTOTYPES = YES;
				CLANG_WARN_SUSPICIOUS_MOVE = YES;
				CLANG_WARN_UNGUARDED_AVAILABILITY = YES_AGGRESSIVE;
				CLANG_WARN_UNREACHABLE_CODE = YES;
				CLANG_WARN__DUPLICATE_METHOD_MATCH = YES;
				COPY_PHASE_STRIP = NO;
				DEBUG_INFORMATION_FORMAT = "dwarf-with-dsym";
				ENABLE_NS_ASSERTIONS = NO;
				ENABLE_STRICT_OBJC_MSGSEND = YES;
				GCC_C_LANGUAGE_STANDARD = gnu11;
				GCC_NO_COMMON_BLOCKS = YES;
				GCC_WARN_64_TO_32_BIT_CONVERSION = YES;
				GCC_WARN_ABOUT_RETURN_TYPE = YES_ERROR;
				GCC_WARN_UNDECLARED_SELECTOR = YES;
				GCC_WARN_UNINITIALIZED_AUTOS = YES_AGGRESSIVE;
				GCC_WARN_UNUSED_FUNCTION = YES;
				GCC_WARN_UNUSED_VARIABLE = YES;
				IPHONEOS_DEPLOYMENT_TARGET = 14.5;
				MTL_ENABLE_DEBUG_INFO = NO;
				MTL_FAST_MATH = YES;
				SDKROOT = iphoneos;
				SWIFT_COMPILATION_MODE = wholemodule;
				SWIFT_OPTIMIZATION_LEVEL = "-O";
				VALIDATE_PRODUCT = YES;
			};
			name = Release;
		};
		BA3655AE26494FC1003247E4 /* Debug */ = {
			isa = XCBuildConfiguration;
			baseConfigurationReference = 91CEF860E3A9B9F07DF71214 /* Pods-DynamicCellCollectionViewExample.debug.xcconfig */;
			buildSettings = {
				ASSETCATALOG_COMPILER_APPICON_NAME = AppIcon;
				ASSETCATALOG_COMPILER_GLOBAL_ACCENT_COLOR_NAME = AccentColor;
				CODE_SIGN_STYLE = Automatic;
				DEVELOPMENT_TEAM = S3QQ63V4S9;
				INFOPLIST_FILE = DynamicCellCollectionViewExample/Info.plist;
				LD_RUNPATH_SEARCH_PATHS = (
					"$(inherited)",
					"@executable_path/Frameworks",
				);
				PRODUCT_BUNDLE_IDENTIFIER = com.tistory.iospanda.DynamicCellCollectionViewExample;
				PRODUCT_NAME = "$(TARGET_NAME)";
				SWIFT_VERSION = 5.0;
				TARGETED_DEVICE_FAMILY = "1,2";
			};
			name = Debug;
		};
		BA3655AF26494FC1003247E4 /* Release */ = {
			isa = XCBuildConfiguration;
			baseConfigurationReference = ED58FBA93C2900655898749B /* Pods-DynamicCellCollectionViewExample.release.xcconfig */;
			buildSettings = {
				ASSETCATALOG_COMPILER_APPICON_NAME = AppIcon;
				ASSETCATALOG_COMPILER_GLOBAL_ACCENT_COLOR_NAME = AccentColor;
				CODE_SIGN_STYLE = Automatic;
				DEVELOPMENT_TEAM = S3QQ63V4S9;
				INFOPLIST_FILE = DynamicCellCollectionViewExample/Info.plist;
				LD_RUNPATH_SEARCH_PATHS = (
					"$(inherited)",
					"@executable_path/Frameworks",
				);
				PRODUCT_BUNDLE_IDENTIFIER = com.tistory.iospanda.DynamicCellCollectionViewExample;
				PRODUCT_NAME = "$(TARGET_NAME)";
				SWIFT_VERSION = 5.0;
				TARGETED_DEVICE_FAMILY = "1,2";
			};
			name = Release;
		};
/* End XCBuildConfiguration section */

/* Begin XCConfigurationList section */
		BA36559426494FBF003247E4 /* Build configuration list for PBXProject "DynamicCellCollectionViewExample" */ = {
			isa = XCConfigurationList;
			buildConfigurations = (
				BA3655AB26494FC1003247E4 /* Debug */,
				BA3655AC26494FC1003247E4 /* Release */,
			);
			defaultConfigurationIsVisible = 0;
			defaultConfigurationName = Release;
		};
		BA3655AD26494FC1003247E4 /* Build configuration list for PBXNativeTarget "DynamicCellCollectionViewExample" */ = {
			isa = XCConfigurationList;
			buildConfigurations = (
				BA3655AE26494FC1003247E4 /* Debug */,
				BA3655AF26494FC1003247E4 /* Release */,
			);
			defaultConfigurationIsVisible = 0;
			defaultConfigurationName = Release;
		};
/* End XCConfigurationList section */
	};
	rootObject = BA36559126494FBF003247E4 /* Project object */;
}
